# THIS IS AN AUTOGENERATED FILE. DO NOT EDIT THIS FILE DIRECTLY.
# yarn lockfile v1


"@babel/runtime@^7.7.2":
  version "7.11.2"
  resolved "https://registry.npm.taobao.org/@babel/runtime/download/@babel/runtime-7.11.2.tgz?cache=0&sync_timestamp=1596637824771&other_urls=https%3A%2F%2Fregistry.npm.taobao.org%2F%40babel%2Fruntime%2Fdownload%2F%40babel%2Fruntime-7.11.2.tgz#f549c13c754cc40b87644b9fa9f09a6a95fe0736"
  integrity sha1-9UnBPHVMxAuHZEufqfCaapX+BzY=
  dependencies:
    regenerator-runtime "^0.13.4"

"@jimp/bmp@^0.14.0":
  version "0.14.0"
  resolved "https://registry.npm.taobao.org/@jimp/bmp/download/@jimp/bmp-0.14.0.tgz#6df246026554f276f7b354047c6fff9f5b2b5182"
  integrity sha1-bfJGAmVU8nb3s1QEfG//n1srUYI=
  dependencies:
    "@babel/runtime" "^7.7.2"
    "@jimp/utils" "^0.14.0"
    bmp-js "^0.1.0"

"@jimp/core@^0.14.0":
  version "0.14.0"
  resolved "https://registry.npm.taobao.org/@jimp/core/download/@jimp/core-0.14.0.tgz#870c9ca25b40be353ebda1d2abb48723d9010055"
  integrity sha1-hwycoltAvjU+vaHSq7SHI9kBAFU=
  dependencies:
    "@babel/runtime" "^7.7.2"
    "@jimp/utils" "^0.14.0"
    any-base "^1.1.0"
    buffer "^5.2.0"
    exif-parser "^0.1.12"
    file-type "^9.0.0"
    load-bmfont "^1.3.1"
    mkdirp "^0.5.1"
    phin "^2.9.1"
    pixelmatch "^4.0.2"
    tinycolor2 "^1.4.1"

"@jimp/custom@^0.14.0":
  version "0.14.0"
  resolved "https://registry.npm.taobao.org/@jimp/custom/download/@jimp/custom-0.14.0.tgz#1dbbf0094df7403f4e03bc984ed92e7458842f74"
  integrity sha1-HbvwCU33QD9OA7yYTtkudFiEL3Q=
  dependencies:
    "@babel/runtime" "^7.7.2"
    "@jimp/core" "^0.14.0"

"@jimp/gif@^0.14.0":
  version "0.14.0"
  resolved "https://registry.npm.taobao.org/@jimp/gif/download/@jimp/gif-0.14.0.tgz#db159f57c3cfd1566bbe8b124958791998614960"
  integrity sha1-2xWfV8PP0VZrvosSSVh5GZhhSWA=
  dependencies:
    "@babel/runtime" "^7.7.2"
    "@jimp/utils" "^0.14.0"
    gifwrap "^0.9.2"
    omggif "^1.0.9"

"@jimp/jpeg@^0.14.0":
  version "0.14.0"
  resolved "https://registry.npm.taobao.org/@jimp/jpeg/download/@jimp/jpeg-0.14.0.tgz#8a687a6a653bbbae38c522edef8f84bb418d9461"
  integrity sha1-imh6amU7u644xSLt74+Eu0GNlGE=
  dependencies:
    "@babel/runtime" "^7.7.2"
    "@jimp/utils" "^0.14.0"
    jpeg-js "^0.4.0"

"@jimp/plugin-blit@^0.14.0":
  version "0.14.0"
  resolved "https://registry.npm.taobao.org/@jimp/plugin-blit/download/@jimp/plugin-blit-0.14.0.tgz#5eb374be1201313b2113899fb842232d8fcfd345"
  integrity sha1-XrN0vhIBMTshE4mfuEIjLY/P00U=
  dependencies:
    "@babel/runtime" "^7.7.2"
    "@jimp/utils" "^0.14.0"

"@jimp/plugin-blur@^0.14.0":
  version "0.14.0"
  resolved "https://registry.npm.taobao.org/@jimp/plugin-blur/download/@jimp/plugin-blur-0.14.0.tgz#fe07e4932d5a2f5d8c9831e245561553224bfc60"
  integrity sha1-/gfkky1aL12MmDHiRVYVUyJL/GA=
  dependencies:
    "@babel/runtime" "^7.7.2"
    "@jimp/utils" "^0.14.0"

"@jimp/plugin-circle@^0.14.0":
  version "0.14.0"
  resolved "https://registry.npm.taobao.org/@jimp/plugin-circle/download/@jimp/plugin-circle-0.14.0.tgz#82c0e904a34e90fa672fb9c286bc892e92088ddf"
  integrity sha1-gsDpBKNOkPpnL7nChryJLpIIjd8=
  dependencies:
    "@babel/runtime" "^7.7.2"
    "@jimp/utils" "^0.14.0"

"@jimp/plugin-color@^0.14.0":
  version "0.14.0"
  resolved "https://registry.npm.taobao.org/@jimp/plugin-color/download/@jimp/plugin-color-0.14.0.tgz#772bd2d80a88bc66ea1331d010207870f169a74b"
  integrity sha1-dyvS2AqIvGbqEzHQECB4cPFpp0s=
  dependencies:
    "@babel/runtime" "^7.7.2"
    "@jimp/utils" "^0.14.0"
    tinycolor2 "^1.4.1"

"@jimp/plugin-contain@^0.14.0":
  version "0.14.0"
  resolved "https://registry.npm.taobao.org/@jimp/plugin-contain/download/@jimp/plugin-contain-0.14.0.tgz#c68115420d182e696f81bbe76fb5e704909b2b6a"
  integrity sha1-xoEVQg0YLmlvgbvnb7XnBJCbK2o=
  dependencies:
    "@babel/runtime" "^7.7.2"
    "@jimp/utils" "^0.14.0"

"@jimp/plugin-cover@^0.14.0":
  version "0.14.0"
  resolved "https://registry.npm.taobao.org/@jimp/plugin-cover/download/@jimp/plugin-cover-0.14.0.tgz#4755322589c5885e44e14e31b86b542e907297ce"
  integrity sha1-R1UyJYnFiF5E4U4xuGtULpByl84=
  dependencies:
    "@babel/runtime" "^7.7.2"
    "@jimp/utils" "^0.14.0"

"@jimp/plugin-crop@^0.14.0":
  version "0.14.0"
  resolved "https://registry.npm.taobao.org/@jimp/plugin-crop/download/@jimp/plugin-crop-0.14.0.tgz#4cbd856ca84ffc37230fad2534906f2f75aa3057"
  integrity sha1-TL2FbKhP/DcjD60lNJBvL3WqMFc=
  dependencies:
    "@babel/runtime" "^7.7.2"
    "@jimp/utils" "^0.14.0"

"@jimp/plugin-displace@^0.14.0":
  version "0.14.0"
  resolved "https://registry.npm.taobao.org/@jimp/plugin-displace/download/@jimp/plugin-displace-0.14.0.tgz#b0e6a57d00cb1f893f541413fe9d737d23c3b70c"
  integrity sha1-sOalfQDLH4k/VBQT/p1zfSPDtww=
  dependencies:
    "@babel/runtime" "^7.7.2"
    "@jimp/utils" "^0.14.0"

"@jimp/plugin-dither@^0.14.0":
  version "0.14.0"
  resolved "https://registry.npm.taobao.org/@jimp/plugin-dither/download/@jimp/plugin-dither-0.14.0.tgz#9185ec4c38e02edc9e5831f5d709f6ba891e1b93"
  integrity sha1-kYXsTDjgLtyeWDH11wn2uokeG5M=
  dependencies:
    "@babel/runtime" "^7.7.2"
    "@jimp/utils" "^0.14.0"

"@jimp/plugin-fisheye@^0.14.0":
  version "0.14.0"
  resolved "https://registry.npm.taobao.org/@jimp/plugin-fisheye/download/@jimp/plugin-fisheye-0.14.0.tgz#9f26346cf2fbc660cc2008cd7fd30a83b5029e78"
  integrity sha1-nyY0bPL7xmDMIAjNf9MKg7UCnng=
  dependencies:
    "@babel/runtime" "^7.7.2"
    "@jimp/utils" "^0.14.0"

"@jimp/plugin-flip@^0.14.0":
  version "0.14.0"
  resolved "https://registry.npm.taobao.org/@jimp/plugin-flip/download/@jimp/plugin-flip-0.14.0.tgz#7966d6aa3b5fe1aa4d2d561ff12b8ef5ccb9b071"
  integrity sha1-eWbWqjtf4apNLVYf8SuO9cy5sHE=
  dependencies:
    "@babel/runtime" "^7.7.2"
    "@jimp/utils" "^0.14.0"

"@jimp/plugin-gaussian@^0.14.0":
  version "0.14.0"
  resolved "https://registry.npm.taobao.org/@jimp/plugin-gaussian/download/@jimp/plugin-gaussian-0.14.0.tgz#452bc1971a4467ad9b984aa67f4c200bf941bb65"
  integrity sha1-RSvBlxpEZ62bmEqmf0wgC/lBu2U=
  dependencies:
    "@babel/runtime" "^7.7.2"
    "@jimp/utils" "^0.14.0"

"@jimp/plugin-invert@^0.14.0":
  version "0.14.0"
  resolved "https://registry.npm.taobao.org/@jimp/plugin-invert/download/@jimp/plugin-invert-0.14.0.tgz#cd31a555860e9f821394936d15af161c09c42921"
  integrity sha1-zTGlVYYOn4ITlJNtFa8WHAnEKSE=
  dependencies:
    "@babel/runtime" "^7.7.2"
    "@jimp/utils" "^0.14.0"

"@jimp/plugin-mask@^0.14.0":
  version "0.14.0"
  resolved "https://registry.npm.taobao.org/@jimp/plugin-mask/download/@jimp/plugin-mask-0.14.0.tgz#52619643ac6222f85e6b27dee33c771ca3a6a4c9"
  integrity sha1-UmGWQ6xiIvheayfe4zx3HKOmpMk=
  dependencies:
    "@babel/runtime" "^7.7.2"
    "@jimp/utils" "^0.14.0"

"@jimp/plugin-normalize@^0.14.0":
  version "0.14.0"
  resolved "https://registry.npm.taobao.org/@jimp/plugin-normalize/download/@jimp/plugin-normalize-0.14.0.tgz#bf39e356b6d473f582ce95633ad49c9cdb82492b"
  integrity sha1-vznjVrbUc/WCzpVjOtScnNuCSSs=
  dependencies:
    "@babel/runtime" "^7.7.2"
    "@jimp/utils" "^0.14.0"

"@jimp/plugin-print@^0.14.0":
  version "0.14.0"
  resolved "https://registry.npm.taobao.org/@jimp/plugin-print/download/@jimp/plugin-print-0.14.0.tgz#1c43c2a92a7adc05b464863882cb89ce486d63e6"
  integrity sha1-HEPCqSp63AW0ZIY4gsuJzkhtY+Y=
  dependencies:
    "@babel/runtime" "^7.7.2"
    "@jimp/utils" "^0.14.0"
    load-bmfont "^1.4.0"

"@jimp/plugin-resize@^0.14.0":
  version "0.14.0"
  resolved "https://registry.npm.taobao.org/@jimp/plugin-resize/download/@jimp/plugin-resize-0.14.0.tgz#ef7fc6c2e45f8bcab62456baf8fd3bc415b02b64"
  integrity sha1-73/GwuRfi8q2JFa6+P07xBWwK2Q=
  dependencies:
    "@babel/runtime" "^7.7.2"
    "@jimp/utils" "^0.14.0"

"@jimp/plugin-rotate@^0.14.0":
  version "0.14.0"
  resolved "https://registry.npm.taobao.org/@jimp/plugin-rotate/download/@jimp/plugin-rotate-0.14.0.tgz#3632bc159bf1c3b9ec9f459d9c05d02a11781ee7"
  integrity sha1-NjK8FZvxw7nsn0WdnAXQKhF4Huc=
  dependencies:
    "@babel/runtime" "^7.7.2"
    "@jimp/utils" "^0.14.0"

"@jimp/plugin-scale@^0.14.0":
  version "0.14.0"
  resolved "https://registry.npm.taobao.org/@jimp/plugin-scale/download/@jimp/plugin-scale-0.14.0.tgz#d30f0cd1365b8e68f43fa423300ae7f124e9bf10"
  integrity sha1-0w8M0TZbjmj0P6QjMArn8STpvxA=
  dependencies:
    "@babel/runtime" "^7.7.2"
    "@jimp/utils" "^0.14.0"

"@jimp/plugin-shadow@^0.14.0":
  version "0.14.0"
  resolved "https://registry.npm.taobao.org/@jimp/plugin-shadow/download/@jimp/plugin-shadow-0.14.0.tgz#471fdb9f109ff2d9e20d533d45e1e18e0b48c749"
  integrity sha1-Rx/bnxCf8tniDVM9ReHhjgtIx0k=
  dependencies:
    "@babel/runtime" "^7.7.2"
    "@jimp/utils" "^0.14.0"

"@jimp/plugin-threshold@^0.14.0":
  version "0.14.0"
  resolved "https://registry.npm.taobao.org/@jimp/plugin-threshold/download/@jimp/plugin-threshold-0.14.0.tgz#ebd72721c7d1d518c5bb6e494e55d97ac3351d3b"
  integrity sha1-69cnIcfR1RjFu25JTlXZesM1HTs=
  dependencies:
    "@babel/runtime" "^7.7.2"
    "@jimp/utils" "^0.14.0"

"@jimp/plugins@^0.14.0":
  version "0.14.0"
  resolved "https://registry.npm.taobao.org/@jimp/plugins/download/@jimp/plugins-0.14.0.tgz#41dba85f15ab8dadb4162100eb54e5f27b93ee2c"
  integrity sha1-QduoXxWrja20FiEA61Tl8nuT7iw=
  dependencies:
    "@babel/runtime" "^7.7.2"
    "@jimp/plugin-blit" "^0.14.0"
    "@jimp/plugin-blur" "^0.14.0"
    "@jimp/plugin-circle" "^0.14.0"
    "@jimp/plugin-color" "^0.14.0"
    "@jimp/plugin-contain" "^0.14.0"
    "@jimp/plugin-cover" "^0.14.0"
    "@jimp/plugin-crop" "^0.14.0"
    "@jimp/plugin-displace" "^0.14.0"
    "@jimp/plugin-dither" "^0.14.0"
    "@jimp/plugin-fisheye" "^0.14.0"
    "@jimp/plugin-flip" "^0.14.0"
    "@jimp/plugin-gaussian" "^0.14.0"
    "@jimp/plugin-invert" "^0.14.0"
    "@jimp/plugin-mask" "^0.14.0"
    "@jimp/plugin-normalize" "^0.14.0"
    "@jimp/plugin-print" "^0.14.0"
    "@jimp/plugin-resize" "^0.14.0"
    "@jimp/plugin-rotate" "^0.14.0"
    "@jimp/plugin-scale" "^0.14.0"
    "@jimp/plugin-shadow" "^0.14.0"
    "@jimp/plugin-threshold" "^0.14.0"
    timm "^1.6.1"

"@jimp/png@^0.14.0":
  version "0.14.0"
  resolved "https://registry.npm.taobao.org/@jimp/png/download/@jimp/png-0.14.0.tgz#0f2dddb5125c0795ca7e67c771204c5437fcda4b"
  integrity sha1-Dy3dtRJcB5XKfmfHcSBMVDf82ks=
  dependencies:
    "@babel/runtime" "^7.7.2"
    "@jimp/utils" "^0.14.0"
    pngjs "^3.3.3"

"@jimp/tiff@^0.14.0":
  version "0.14.0"
  resolved "https://registry.npm.taobao.org/@jimp/tiff/download/@jimp/tiff-0.14.0.tgz#a5b25bbe7c43fc3b07bad4e2ab90e0e164c1967f"
  integrity sha1-pbJbvnxD/DsHutTiq5Dg4WTBln8=
  dependencies:
    "@babel/runtime" "^7.7.2"
    utif "^2.0.1"

"@jimp/types@^0.14.0":
  version "0.14.0"
  resolved "https://registry.npm.taobao.org/@jimp/types/download/@jimp/types-0.14.0.tgz#ef681ff702883c5f105b5e4e30d49abf39ee9e34"
  integrity sha1-72gf9wKIPF8QW15OMNSavznunjQ=
  dependencies:
    "@babel/runtime" "^7.7.2"
    "@jimp/bmp" "^0.14.0"
    "@jimp/gif" "^0.14.0"
    "@jimp/jpeg" "^0.14.0"
    "@jimp/png" "^0.14.0"
    "@jimp/tiff" "^0.14.0"
    timm "^1.6.1"

"@jimp/utils@^0.14.0":
  version "0.14.0"
  resolved "https://registry.npm.taobao.org/@jimp/utils/download/@jimp/utils-0.14.0.tgz#296254e63118554c62c31c19ac6b8c4bfe6490e5"
  integrity sha1-KWJU5jEYVUxiwxwZrGuMS/5kkOU=
  dependencies:
    "@babel/runtime" "^7.7.2"
    regenerator-runtime "^0.13.3"

any-base@^1.1.0:
  version "1.1.0"
  resolved "https://registry.npm.taobao.org/any-base/download/any-base-1.1.0.tgz#ae101a62bc08a597b4c9ab5b7089d456630549fe"
  integrity sha1-rhAaYrwIpZe0yatbcInUVmMFSf4=

base64-js@^1.0.2:
  version "1.3.1"
  resolved "https://registry.npm.taobao.org/base64-js/download/base64-js-1.3.1.tgz#58ece8cb75dd07e71ed08c736abc5fac4dbf8df1"
  integrity sha1-WOzoy3XdB+ce0IxzarxfrE2/jfE=

bmp-js@^0.1.0:
  version "0.1.0"
  resolved "https://registry.npm.taobao.org/bmp-js/download/bmp-js-0.1.0.tgz#e05a63f796a6c1ff25f4771ec7adadc148c07233"
  integrity sha1-4Fpj95amwf8l9Hcex62twUjAcjM=

buffer-equal@0.0.1:
  version "0.0.1"
  resolved "https://registry.npm.taobao.org/buffer-equal/download/buffer-equal-0.0.1.tgz#91bc74b11ea405bc916bc6aa908faafa5b4aac4b"
  integrity sha1-kbx0sR6kBbyRa8aqkI+q+ltKrEs=

buffer@^5.2.0:
  version "5.6.0"
  resolved "https://registry.npm.taobao.org/buffer/download/buffer-5.6.0.tgz#a31749dc7d81d84db08abf937b6b8c4033f62786"
  integrity sha1-oxdJ3H2B2E2wir+Te2uMQDP2J4Y=
  dependencies:
    base64-js "^1.0.2"
    ieee754 "^1.1.4"

dom-walk@^0.1.0:
  version "0.1.2"
  resolved "https://registry.npm.taobao.org/dom-walk/download/dom-walk-0.1.2.tgz#0c548bef048f4d1f2a97249002236060daa3fd84"
  integrity sha1-DFSL7wSPTR8qlySQAiNgYNqj/YQ=

exif-parser@^0.1.12:
  version "0.1.12"
  resolved "https://registry.npm.taobao.org/exif-parser/download/exif-parser-0.1.12.tgz#58a9d2d72c02c1f6f02a0ef4a9166272b7760922"
  integrity sha1-WKnS1ywCwfbwKg70qRZicrd2CSI=

file-type@^9.0.0:
  version "9.0.0"
  resolved "https://registry.npm.taobao.org/file-type/download/file-type-9.0.0.tgz?cache=0&sync_timestamp=1596363584321&other_urls=https%3A%2F%2Fregistry.npm.taobao.org%2Ffile-type%2Fdownload%2Ffile-type-9.0.0.tgz#a68d5ad07f486414dfb2c8866f73161946714a18"
  integrity sha1-po1a0H9IZBTfssiGb3MWGUZxShg=

gifwrap@^0.9.2:
  version "0.9.2"
  resolved "https://registry.npm.taobao.org/gifwrap/download/gifwrap-0.9.2.tgz#348e286e67d7cf57942172e1e6f05a71cee78489"
  integrity sha1-NI4obmfXz1eUIXLh5vBacc7nhIk=
  dependencies:
    image-q "^1.1.1"
    omggif "^1.0.10"

global@~4.3.0:
  version "4.3.2"
  resolved "https://registry.npm.taobao.org/global/download/global-4.3.2.tgz#e76989268a6c74c38908b1305b10fc0e394e9d0f"
  integrity sha1-52mJJopsdMOJCLEwWxD8DjlOnQ8=
  dependencies:
    min-document "^2.19.0"
    process "~0.5.1"

ieee754@^1.1.4:
  version "1.1.13"
  resolved "https://registry.npm.taobao.org/ieee754/download/ieee754-1.1.13.tgz#ec168558e95aa181fd87d37f55c32bbcb6708b84"
  integrity sha1-7BaFWOlaoYH9h9N/VcMrvLZwi4Q=

image-q@^1.1.1:
  version "1.1.1"
  resolved "https://registry.npm.taobao.org/image-q/download/image-q-1.1.1.tgz#fc84099664460b90ca862d9300b6bfbbbfbf8056"
  integrity sha1-/IQJlmRGC5DKhi2TALa/u7+/gFY=

is-function@^1.0.1:
  version "1.0.2"
  resolved "https://registry.npm.taobao.org/is-function/download/is-function-1.0.2.tgz#4f097f30abf6efadac9833b17ca5dc03f8144e08"
  integrity sha1-Twl/MKv2762smDOxfKXcA/gUTgg=

jimp@^0.14.0:
  version "0.14.0"
  resolved "https://registry.npm.taobao.org/jimp/download/jimp-0.14.0.tgz#fde55f69bdb918c1b01ac633d89a25853af85625"
  integrity sha1-/eVfab25GMGwGsYz2JolhTr4ViU=
  dependencies:
    "@babel/runtime" "^7.7.2"
    "@jimp/custom" "^0.14.0"
    "@jimp/plugins" "^0.14.0"
    "@jimp/types" "^0.14.0"
    regenerator-runtime "^0.13.3"

jpeg-js@^0.4.0:
  version "0.4.1"
  resolved "https://registry.npm.taobao.org/jpeg-js/download/jpeg-js-0.4.1.tgz#937a3ae911eb6427f151760f8123f04c8bfe6ef7"
  integrity sha1-k3o66RHrZCfxUXYPgSPwTIv+bvc=

load-bmfont@^1.3.1, load-bmfont@^1.4.0:
  version "1.4.1"
  resolved "https://registry.npm.taobao.org/load-bmfont/download/load-bmfont-1.4.1.tgz#c0f5f4711a1e2ccff725a7b6078087ccfcddd3e9"
  integrity sha1-wPX0cRoeLM/3Jae2B4CHzPzd0+k=
  dependencies:
    buffer-equal "0.0.1"
    mime "^1.3.4"
    parse-bmfont-ascii "^1.0.3"
    parse-bmfont-binary "^1.0.5"
    parse-bmfont-xml "^1.1.4"
    phin "^2.9.1"
    xhr "^2.0.1"
    xtend "^4.0.0"

mime@^1.3.4:
  version "1.6.0"
  resolved "https://registry.npm.taobao.org/mime/download/mime-1.6.0.tgz?cache=0&sync_timestamp=1590596728112&other_urls=https%3A%2F%2Fregistry.npm.taobao.org%2Fmime%2Fdownload%2Fmime-1.6.0.tgz#32cd9e5c64553bd58d19a568af452acff04981b1"
  integrity sha1-Ms2eXGRVO9WNGaVor0Uqz/BJgbE=

min-document@^2.19.0:
  version "2.19.0"
  resolved "https://registry.npm.taobao.org/min-document/download/min-document-2.19.0.tgz#7bd282e3f5842ed295bb748cdd9f1ffa2c824685"
  integrity sha1-e9KC4/WELtKVu3SM3Z8f+iyCRoU=
  dependencies:
    dom-walk "^0.1.0"

minimist@^1.2.5:
  version "1.2.8"
  resolved "https://registry.yarnpkg.com/minimist/-/minimist-1.2.8.tgz#c1a464e7693302e082a075cee0c057741ac4772c"
  integrity sha512-2yyAR8qBkN3YuheJanUpWC5U3bb5osDywNB8RzDVlDwDHbocAJveqqj1u8+SVD7jkWT4yvsHCpWqqWqAxb0zCA==

mkdirp@^0.5.1:
  version "0.5.5"
  resolved "https://registry.npm.taobao.org/mkdirp/download/mkdirp-0.5.5.tgz?cache=0&sync_timestamp=1587535418745&other_urls=https%3A%2F%2Fregistry.npm.taobao.org%2Fmkdirp%2Fdownload%2Fmkdirp-0.5.5.tgz#d91cefd62d1436ca0f41620e251288d420099def"
  integrity sha1-2Rzv1i0UNsoPQWIOJRKI1CAJne8=
  dependencies:
    minimist "^1.2.5"

omggif@^1.0.10, omggif@^1.0.9:
  version "1.0.10"
  resolved "https://registry.npm.taobao.org/omggif/download/omggif-1.0.10.tgz#ddaaf90d4a42f532e9e7cb3a95ecdd47f17c7b19"
  integrity sha1-3ar5DUpC9TLp58s6lezdR/F8exk=

pako@^1.0.5:
  version "1.0.11"
  resolved "https://registry.npm.taobao.org/pako/download/pako-1.0.11.tgz?cache=0&sync_timestamp=1580284192633&other_urls=https%3A%2F%2Fregistry.npm.taobao.org%2Fpako%2Fdownload%2Fpako-1.0.11.tgz#6c9599d340d54dfd3946380252a35705a6b992bf"
  integrity sha1-bJWZ00DVTf05RjgCUqNXBaa5kr8=

parse-bmfont-ascii@^1.0.3:
  version "1.0.6"
  resolved "https://registry.npm.taobao.org/parse-bmfont-ascii/download/parse-bmfont-ascii-1.0.6.tgz#11ac3c3ff58f7c2020ab22769079108d4dfa0285"
  integrity sha1-Eaw8P/WPfCAgqyJ2kHkQjU36AoU=

parse-bmfont-binary@^1.0.5:
  version "1.0.6"
  resolved "https://registry.npm.taobao.org/parse-bmfont-binary/download/parse-bmfont-binary-1.0.6.tgz#d038b476d3e9dd9db1e11a0b0e53a22792b69006"
  integrity sha1-0Di0dtPp3Z2x4RoLDlOiJ5K2kAY=

parse-bmfont-xml@^1.1.4:
  version "1.1.4"
  resolved "https://registry.npm.taobao.org/parse-bmfont-xml/download/parse-bmfont-xml-1.1.4.tgz#015319797e3e12f9e739c4d513872cd2fa35f389"
  integrity sha1-AVMZeX4+EvnnOcTVE4cs0vo184k=
  dependencies:
    xml-parse-from-string "^1.0.0"
    xml2js "^0.4.5"

parse-headers@^2.0.0:
  version "2.0.3"
  resolved "https://registry.npm.taobao.org/parse-headers/download/parse-headers-2.0.3.tgz#5e8e7512383d140ba02f0c7aa9f49b4399c92515"
  integrity sha1-Xo51Ejg9FAugLwx6qfSbQ5nJJRU=

phin@^2.9.1:
  version "2.9.3"
  resolved "https://registry.npm.taobao.org/phin/download/phin-2.9.3.tgz#f9b6ac10a035636fb65dfc576aaaa17b8743125c"
  integrity sha1-+basEKA1Y2+2XfxXaqqhe4dDElw=

pixelmatch@^4.0.2:
  version "4.0.2"
  resolved "https://registry.npm.taobao.org/pixelmatch/download/pixelmatch-4.0.2.tgz#8f47dcec5011b477b67db03c243bc1f3085e8854"
  integrity sha1-j0fc7FARtHe2fbA8JDvB8wheiFQ=
  dependencies:
    pngjs "^3.0.0"

pngjs@^3.0.0, pngjs@^3.3.3:
  version "3.4.0"
  resolved "https://registry.npm.taobao.org/pngjs/download/pngjs-3.4.0.tgz#99ca7d725965fb655814eaf65f38f12bbdbf555f"
  integrity sha1-mcp9clll+2VYFOr2XzjxK72/VV8=

process@~0.5.1:
  version "0.5.2"
  resolved "https://registry.npm.taobao.org/process/download/process-0.5.2.tgz#1638d8a8e34c2f440a91db95ab9aeb677fc185cf"
  integrity sha1-FjjYqONML0QKkduVq5rrZ3/Bhc8=

qr-image@^3.2.0:
  version "3.2.0"
  resolved "https://registry.npm.taobao.org/qr-image/download/qr-image-3.2.0.tgz#9fa8295beae50c4a149cf9f909a1db464a8672e8"
  integrity sha1-n6gpW+rlDEoUnPn5CaHbRkqGcug=

regenerator-runtime@^0.13.3, regenerator-runtime@^0.13.4:
  version "0.13.7"
  resolved "https://registry.npm.taobao.org/regenerator-runtime/download/regenerator-runtime-0.13.7.tgz?cache=0&sync_timestamp=1595456117883&other_urls=https%3A%2F%2Fregistry.npm.taobao.org%2Fregenerator-runtime%2Fdownload%2Fregenerator-runtime-0.13.7.tgz#cac2dacc8a1ea675feaabaeb8ae833898ae46f55"
  integrity sha1-ysLazIoepnX+qrrriugziYrkb1U=

sax@>=0.6.0:
  version "1.2.4"
  resolved "https://registry.npm.taobao.org/sax/download/sax-1.2.4.tgz#2816234e2378bddc4e5354fab5caa895df7100d9"
  integrity sha1-KBYjTiN4vdxOU1T6tcqold9xANk=

timm@^1.6.1:
  version "1.6.2"
  resolved "https://registry.npm.taobao.org/timm/download/timm-1.6.2.tgz#dfd8c6719f7ba1fcfc6295a32670a1c6d166c0bd"
  integrity sha1-39jGcZ97ofz8YpWjJnChxtFmwL0=

tinycolor2@^1.4.1:
  version "1.4.1"
  resolved "https://registry.npm.taobao.org/tinycolor2/download/tinycolor2-1.4.1.tgz#f4fad333447bc0b07d4dc8e9209d8f39a8ac77e8"
  integrity sha1-9PrTM0R7wLB9TcjpIJ2POaisd+g=

utif@^2.0.1:
  version "2.0.1"
  resolved "https://registry.npm.taobao.org/utif/download/utif-2.0.1.tgz#9e1582d9bbd20011a6588548ed3266298e711759"
  integrity sha1-nhWC2bvSABGmWIVI7TJmKY5xF1k=
  dependencies:
    pako "^1.0.5"

xhr@^2.0.1:
  version "2.5.0"
  resolved "https://registry.npm.taobao.org/xhr/download/xhr-2.5.0.tgz#bed8d1676d5ca36108667692b74b316c496e49dd"
  integrity sha1-vtjRZ21co2EIZnaSt0sxbEluSd0=
  dependencies:
    global "~4.3.0"
    is-function "^1.0.1"
    parse-headers "^2.0.0"
    xtend "^4.0.0"

xml-parse-from-string@^1.0.0:
  version "1.0.1"
  resolved "https://registry.npm.taobao.org/xml-parse-from-string/download/xml-parse-from-string-1.0.1.tgz#a9029e929d3dbcded169f3c6e28238d95a5d5a28"
  integrity sha1-qQKekp09vN7RafPG4oI42VpdWig=

xml2js@^0.4.5:
  version "0.4.23"
  resolved "https://registry.npm.taobao.org/xml2js/download/xml2js-0.4.23.tgz#a0c69516752421eb2ac758ee4d4ccf58843eac66"
  integrity sha1-oMaVFnUkIesqx1juTUzPWIQ+rGY=
  dependencies:
    sax ">=0.6.0"
    xmlbuilder "~11.0.0"

xmlbuilder@~11.0.0:
  version "11.0.1"
  resolved "https://registry.npm.taobao.org/xmlbuilder/download/xmlbuilder-11.0.1.tgz?cache=0&sync_timestamp=1586386177211&other_urls=https%3A%2F%2Fregistry.npm.taobao.org%2Fxmlbuilder%2Fdownload%2Fxmlbuilder-11.0.1.tgz#be9bae1c8a046e76b31127726347d0ad7002beb3"
  integrity sha1-vpuuHIoEbnazESdyY0fQrXACvrM=

xtend@^4.0.0:
  version "4.0.2"
  resolved "https://registry.npm.taobao.org/xtend/download/xtend-4.0.2.tgz#bb72779f5fa465186b1f438f674fa347fdb5db54"
  integrity sha1-u3J3n1+kZRhrH0OPZ0+jR/2121Q=
